{
  "pins" : [
    {
      "identity" : "graph",
      "kind" : "remoteSourceControl",
      "location" : "https://github.com/FlyingLogic/Graph.git",
      "state" : {
        "revision" : "45d3c6ba067424cb96343bf0dc2e30316b99686e",
        "version" : "0.1.0"
      }
    },
    {
      "identity" : "wolfbase",
      "kind" : "remoteSourceControl",
      "location" : "https://github.com/wolfmcnally/WolfBase.git",
      "state" : {
        "revision" : "4aa155e69d2c4d8bcc17a8840b7a178882fcbfb1",
        "version" : "4.2.0"
      }
    }
  ],
  "version" : 2
}
