{
  "pins" : [
    {
      "identity" : "graph",
      "kind" : "remoteSourceControl",
      "location" : "https://github.com/WolfMcNally/Graph.git",
      "state" : {
        "branch" : "master",
        "revision" : "5327fd74673160771e8f5afdbff743108f11c55d"
      }
    },
    {
      "identity" : "swift-algorithms",
      "kind" : "remoteSourceControl",
      "location" : "https://github.com/apple/swift-algorithms.git",
      "state" : {
        "revision" : "b14b7f4c528c942f121c8b860b9410b2bf57825e",
        "version" : "1.0.0"
      }
    },
    {
      "identity" : "swift-collections",
      "kind" : "remoteSourceControl",
      "location" : "https://github.com/apple/swift-collections",
      "state" : {
        "revision" : "ceab2a560af75361d0f6ca01a15ad58174daf77e"
      }
    },
    {
      "identity" : "swift-numerics",
      "kind" : "remoteSourceControl",
      "location" : "https://github.com/apple/swift-numerics",
      "state" : {
        "revision" : "0a5bc04095a675662cf24757cc0640aa2204253b",
        "version" : "1.0.2"
      }
    },
    {
      "identity" : "wolfbase",
      "kind" : "remoteSourceControl",
      "location" : "https://github.com/wolfmcnally/WolfBase.git",
      "state" : {
        "revision" : "883d3e868ab61b2001f2cbf4566bb5e72ab10603",
        "version" : "4.7.0"
      }
    }
  ],
  "version" : 2
}
