{
  "pins" : [
    {
      "identity" : "graph",
      "kind" : "remoteSourceControl",
      "location" : "https://github.com/WolfMcNally/Graph.git",
      "state" : {
        "revision" : "bfa9328e60b0145a28392e4566c941806603ef72",
        "version" : "0.3.0"
      }
    },
    {
      "identity" : "wolfbase",
      "kind" : "remoteSourceControl",
      "location" : "https://github.com/WolfMcNally/WolfBase.git",
      "state" : {
        "revision" : "51846810911c51dfe38514a5b5454220c59b4a79",
        "version" : "4.5.2"
      }
    }
  ],
  "version" : 2
}
